
Microsoft Visual Studio Solution File, Format Version 12.00
# Visual Studio Version 16
VisualStudioVersion = 16.0.28803.352
MinimumVisualStudioVersion = 10.0.40219.1
Project("{FAE04EC0-301F-11D3-BF4B-00C04F79EFBC}") = "Day06AllInputs", "Day06AllInputs\Day06AllInputs.csproj", "{BB9E60F7-BF0D-4298-8E2C-AAF2AB13AC0A}"
EndProject
Global
	GlobalSection(SolutionConfigurationPlatforms) = preSolution
		Debug|Any CPU = Debug|Any CPU
		Release|Any CPU = Release|Any CPU
	EndGlobalSection
	GlobalSection(ProjectConfigurationPlatforms) = postSolution
		{BB9E60F7-BF0D-4298-8E2C-AAF2AB13AC0A}.Debug|Any CPU.ActiveCfg = Debug|Any CPU
		{BB9E60F7-BF0D-4298-8E2C-AAF2AB13AC0A}.Debug|Any CPU.Build.0 = Debug|Any CPU
		{BB9E60F7-BF0D-4298-8E2C-AAF2AB13AC0A}.Release|Any CPU.ActiveCfg = Release|Any CPU
		{BB9E60F7-BF0D-4298-8E2C-AAF2AB13AC0A}.Release|Any CPU.Build.0 = Release|Any CPU
	EndGlobalSection
	GlobalSection(SolutionProperties) = preSolution
		HideSolutionNode = FALSE
	EndGlobalSection
	GlobalSection(ExtensibilityGlobals) = postSolution
		SolutionGuid = {CDABA3C6-2F53-42EC-A5ED-DC296D065867}
	EndGlobalSection
EndGlobal
