
Microsoft Visual Studio Solution File, Format Version 12.00
# Visual Studio 15
VisualStudioVersion = 15.0.26730.8
MinimumVisualStudioVersion = 10.0.40219.1
Project("{FAE04EC0-301F-11D3-BF4B-00C04F79EFBC}") = "Day8-FrientsDB", "Day8-FrientsDB\Day8-FrientsDB.csproj", "{FA8031DE-1C57-4D72-BC70-0D2148251136}"
EndProject
Global
	GlobalSection(SolutionConfigurationPlatforms) = preSolution
		Debug|Any CPU = Debug|Any CPU
		Release|Any CPU = Release|Any CPU
	EndGlobalSection
	GlobalSection(ProjectConfigurationPlatforms) = postSolution
		{FA8031DE-1C57-4D72-BC70-0D2148251136}.Debug|Any CPU.ActiveCfg = Debug|Any CPU
		{FA8031DE-1C57-4D72-BC70-0D2148251136}.Debug|Any CPU.Build.0 = Debug|Any CPU
		{FA8031DE-1C57-4D72-BC70-0D2148251136}.Release|Any CPU.ActiveCfg = Release|Any CPU
		{FA8031DE-1C57-4D72-BC70-0D2148251136}.Release|Any CPU.Build.0 = Release|Any CPU
	EndGlobalSection
	GlobalSection(SolutionProperties) = preSolution
		HideSolutionNode = FALSE
	EndGlobalSection
	GlobalSection(ExtensibilityGlobals) = postSolution
		SolutionGuid = {6055CE1F-720C-434B-A098-06DE4220A6C1}
	EndGlobalSection
EndGlobal
