
Microsoft Visual Studio Solution File, Format Version 12.00
# Visual Studio 15
VisualStudioVersion = 15.0.26730.8
MinimumVisualStudioVersion = 10.0.40219.1
Project("{FAE04EC0-301F-11D3-BF4B-00C04F79EFBC}") = "Day02FirstLinq", "Day02FirstLinq\Day02FirstLinq.csproj", "{B9E16C24-20A1-4E99-8D69-BCE6D2C68A09}"
EndProject
Global
	GlobalSection(SolutionConfigurationPlatforms) = preSolution
		Debug|Any CPU = Debug|Any CPU
		Release|Any CPU = Release|Any CPU
	EndGlobalSection
	GlobalSection(ProjectConfigurationPlatforms) = postSolution
		{B9E16C24-20A1-4E99-8D69-BCE6D2C68A09}.Debug|Any CPU.ActiveCfg = Debug|Any CPU
		{B9E16C24-20A1-4E99-8D69-BCE6D2C68A09}.Debug|Any CPU.Build.0 = Debug|Any CPU
		{B9E16C24-20A1-4E99-8D69-BCE6D2C68A09}.Release|Any CPU.ActiveCfg = Release|Any CPU
		{B9E16C24-20A1-4E99-8D69-BCE6D2C68A09}.Release|Any CPU.Build.0 = Release|Any CPU
	EndGlobalSection
	GlobalSection(SolutionProperties) = preSolution
		HideSolutionNode = FALSE
	EndGlobalSection
	GlobalSection(ExtensibilityGlobals) = postSolution
		SolutionGuid = {2920DD36-448E-480A-80B0-EBB960E66EE3}
	EndGlobalSection
EndGlobal
