
Microsoft Visual Studio Solution File, Format Version 12.00
# Visual Studio 15
VisualStudioVersion = 15.0.26730.8
MinimumVisualStudioVersion = 10.0.40219.1
Project("{FAE04EC0-301F-11D3-BF4B-00C04F79EFBC}") = "Day4Generics", "Day4Generics\Day4Generics.csproj", "{B49591E4-4A93-4113-9FA3-A91E0EE97DBA}"
EndProject
Global
	GlobalSection(SolutionConfigurationPlatforms) = preSolution
		Debug|Any CPU = Debug|Any CPU
		Release|Any CPU = Release|Any CPU
	EndGlobalSection
	GlobalSection(ProjectConfigurationPlatforms) = postSolution
		{B49591E4-4A93-4113-9FA3-A91E0EE97DBA}.Debug|Any CPU.ActiveCfg = Debug|Any CPU
		{B49591E4-4A93-4113-9FA3-A91E0EE97DBA}.Debug|Any CPU.Build.0 = Debug|Any CPU
		{B49591E4-4A93-4113-9FA3-A91E0EE97DBA}.Release|Any CPU.ActiveCfg = Release|Any CPU
		{B49591E4-4A93-4113-9FA3-A91E0EE97DBA}.Release|Any CPU.Build.0 = Release|Any CPU
	EndGlobalSection
	GlobalSection(SolutionProperties) = preSolution
		HideSolutionNode = FALSE
	EndGlobalSection
	GlobalSection(ExtensibilityGlobals) = postSolution
		SolutionGuid = {054DFE9D-7062-4C28-BA83-D50CB630610D}
	EndGlobalSection
EndGlobal
