
Microsoft Visual Studio Solution File, Format Version 12.00
# Visual Studio 15
VisualStudioVersion = 15.0.26730.8
MinimumVisualStudioVersion = 10.0.40219.1
Project("{FAE04EC0-301F-11D3-BF4B-00C04F79EFBC}") = "Day01Tree", "Day01Tree\Day01Tree.csproj", "{E1ACD13F-1AA6-4E3D-8EED-BE1A86D521BB}"
EndProject
Global
	GlobalSection(SolutionConfigurationPlatforms) = preSolution
		Debug|Any CPU = Debug|Any CPU
		Release|Any CPU = Release|Any CPU
	EndGlobalSection
	GlobalSection(ProjectConfigurationPlatforms) = postSolution
		{E1ACD13F-1AA6-4E3D-8EED-BE1A86D521BB}.Debug|Any CPU.ActiveCfg = Debug|Any CPU
		{E1ACD13F-1AA6-4E3D-8EED-BE1A86D521BB}.Debug|Any CPU.Build.0 = Debug|Any CPU
		{E1ACD13F-1AA6-4E3D-8EED-BE1A86D521BB}.Release|Any CPU.ActiveCfg = Release|Any CPU
		{E1ACD13F-1AA6-4E3D-8EED-BE1A86D521BB}.Release|Any CPU.Build.0 = Release|Any CPU
	EndGlobalSection
	GlobalSection(SolutionProperties) = preSolution
		HideSolutionNode = FALSE
	EndGlobalSection
	GlobalSection(ExtensibilityGlobals) = postSolution
		SolutionGuid = {82CBE8AA-7F7B-41A4-B9F6-82C95DDE0097}
	EndGlobalSection
EndGlobal
