
Microsoft Visual Studio Solution File, Format Version 12.00
# Visual Studio 15
VisualStudioVersion = 15.0.26730.8
MinimumVisualStudioVersion = 10.0.40219.1
Project("{FAE04EC0-301F-11D3-BF4B-00C04F79EFBC}") = "Day01PeopleListInFile", "Day01PeopleListInFile\Day01PeopleListInFile.csproj", "{C255471C-51F2-454B-BFCF-5EF9ED64151B}"
EndProject
Global
	GlobalSection(SolutionConfigurationPlatforms) = preSolution
		Debug|Any CPU = Debug|Any CPU
		Release|Any CPU = Release|Any CPU
	EndGlobalSection
	GlobalSection(ProjectConfigurationPlatforms) = postSolution
		{C255471C-51F2-454B-BFCF-5EF9ED64151B}.Debug|Any CPU.ActiveCfg = Debug|Any CPU
		{C255471C-51F2-454B-BFCF-5EF9ED64151B}.Debug|Any CPU.Build.0 = Debug|Any CPU
		{C255471C-51F2-454B-BFCF-5EF9ED64151B}.Release|Any CPU.ActiveCfg = Release|Any CPU
		{C255471C-51F2-454B-BFCF-5EF9ED64151B}.Release|Any CPU.Build.0 = Release|Any CPU
	EndGlobalSection
	GlobalSection(SolutionProperties) = preSolution
		HideSolutionNode = FALSE
	EndGlobalSection
	GlobalSection(ExtensibilityGlobals) = postSolution
		SolutionGuid = {3B5D423D-7D11-4D07-A3FC-88C3E16F7918}
	EndGlobalSection
EndGlobal
