
Microsoft Visual Studio Solution File, Format Version 12.00
# Visual Studio Version 16
VisualStudioVersion = 16.0.28803.352
MinimumVisualStudioVersion = 10.0.40219.1
Project("{FAE04EC0-301F-11D3-BF4B-00C04F79EFBC}") = "Day13CarsAndOwnersEF", "Day13CarsAndOwnersEF\Day13CarsAndOwnersEF.csproj", "{2E59B743-A162-4F76-845B-A1357C80AC2E}"
EndProject
Global
	GlobalSection(SolutionConfigurationPlatforms) = preSolution
		Debug|Any CPU = Debug|Any CPU
		Release|Any CPU = Release|Any CPU
	EndGlobalSection
	GlobalSection(ProjectConfigurationPlatforms) = postSolution
		{2E59B743-A162-4F76-845B-A1357C80AC2E}.Debug|Any CPU.ActiveCfg = Debug|Any CPU
		{2E59B743-A162-4F76-845B-A1357C80AC2E}.Debug|Any CPU.Build.0 = Debug|Any CPU
		{2E59B743-A162-4F76-845B-A1357C80AC2E}.Release|Any CPU.ActiveCfg = Release|Any CPU
		{2E59B743-A162-4F76-845B-A1357C80AC2E}.Release|Any CPU.Build.0 = Release|Any CPU
	EndGlobalSection
	GlobalSection(SolutionProperties) = preSolution
		HideSolutionNode = FALSE
	EndGlobalSection
	GlobalSection(ExtensibilityGlobals) = postSolution
		SolutionGuid = {3A849FC0-72A7-4654-95EA-A3AE6B83D4EE}
	EndGlobalSection
EndGlobal
