
Microsoft Visual Studio Solution File, Format Version 12.00
# Visual Studio 15
VisualStudioVersion = 15.0.26730.8
MinimumVisualStudioVersion = 10.0.40219.1
Project("{FAE04EC0-301F-11D3-BF4B-00C04F79EFBC}") = "Day01ArrayContains", "Day01ArrayContains\Day01ArrayContains.csproj", "{9D756577-4CAE-49B9-8B95-6B580C7C2C66}"
EndProject
Global
	GlobalSection(SolutionConfigurationPlatforms) = preSolution
		Debug|Any CPU = Debug|Any CPU
		Release|Any CPU = Release|Any CPU
	EndGlobalSection
	GlobalSection(ProjectConfigurationPlatforms) = postSolution
		{9D756577-4CAE-49B9-8B95-6B580C7C2C66}.Debug|Any CPU.ActiveCfg = Debug|Any CPU
		{9D756577-4CAE-49B9-8B95-6B580C7C2C66}.Debug|Any CPU.Build.0 = Debug|Any CPU
		{9D756577-4CAE-49B9-8B95-6B580C7C2C66}.Release|Any CPU.ActiveCfg = Release|Any CPU
		{9D756577-4CAE-49B9-8B95-6B580C7C2C66}.Release|Any CPU.Build.0 = Release|Any CPU
	EndGlobalSection
	GlobalSection(SolutionProperties) = preSolution
		HideSolutionNode = FALSE
	EndGlobalSection
	GlobalSection(ExtensibilityGlobals) = postSolution
		SolutionGuid = {4901953B-6C3C-44B0-B85B-A6C807EFF34D}
	EndGlobalSection
EndGlobal
