
Microsoft Visual Studio Solution File, Format Version 12.00
# Visual Studio 15
VisualStudioVersion = 15.0.26730.8
MinimumVisualStudioVersion = 10.0.40219.1
Project("{FAE04EC0-301F-11D3-BF4B-00C04F79EFBC}") = "Day06Notepad", "Day06Notepad\Day06Notepad.csproj", "{D33F47EF-49EC-4401-928C-ABB29A46969A}"
EndProject
Global
	GlobalSection(SolutionConfigurationPlatforms) = preSolution
		Debug|Any CPU = Debug|Any CPU
		Release|Any CPU = Release|Any CPU
	EndGlobalSection
	GlobalSection(ProjectConfigurationPlatforms) = postSolution
		{D33F47EF-49EC-4401-928C-ABB29A46969A}.Debug|Any CPU.ActiveCfg = Debug|Any CPU
		{D33F47EF-49EC-4401-928C-ABB29A46969A}.Debug|Any CPU.Build.0 = Debug|Any CPU
		{D33F47EF-49EC-4401-928C-ABB29A46969A}.Release|Any CPU.ActiveCfg = Release|Any CPU
		{D33F47EF-49EC-4401-928C-ABB29A46969A}.Release|Any CPU.Build.0 = Release|Any CPU
	EndGlobalSection
	GlobalSection(SolutionProperties) = preSolution
		HideSolutionNode = FALSE
	EndGlobalSection
	GlobalSection(ExtensibilityGlobals) = postSolution
		SolutionGuid = {6EFF366D-50B7-4184-826C-D60850FEAD86}
	EndGlobalSection
EndGlobal
